
Microsoft Visual Studio Solution File, Format Version 12.00
# Visual Studio Version 16
VisualStudioVersion = 16.0.31911.196
MinimumVisualStudioVersion = 10.0.40219.1
Project("{9092AA53-FB77-4645-B42D-1CCCA6BD08BD}") = "ProjectArrow", "ProjectArrow.njsproj", "{113B98B6-20C0-412A-AF96-F1E2C6A8FA64}"
	ProjectSection(ProjectDependencies) = postProject
		{60007627-0355-4BFE-8C53-5FD47FD375F8} = {60007627-0355-4BFE-8C53-5FD47FD375F8}
	EndProjectSection
EndProject
Project("{9092AA53-FB77-4645-B42D-1CCCA6BD08BD}") = "client", "client\client.njsproj", "{60007627-0355-4BFE-8C53-5FD47FD375F8}"
EndProject
Global
	GlobalSection(SolutionConfigurationPlatforms) = preSolution
		Debug|Any CPU = Debug|Any CPU
		Release|Any CPU = Release|Any CPU
	EndGlobalSection
	GlobalSection(ProjectConfigurationPlatforms) = postSolution
		{113B98B6-20C0-412A-AF96-F1E2C6A8FA64}.Debug|Any CPU.ActiveCfg = Debug|Any CPU
		{113B98B6-20C0-412A-AF96-F1E2C6A8FA64}.Debug|Any CPU.Build.0 = Debug|Any CPU
		{113B98B6-20C0-412A-AF96-F1E2C6A8FA64}.Release|Any CPU.ActiveCfg = Release|Any CPU
		{113B98B6-20C0-412A-AF96-F1E2C6A8FA64}.Release|Any CPU.Build.0 = Release|Any CPU
		{60007627-0355-4BFE-8C53-5FD47FD375F8}.Debug|Any CPU.ActiveCfg = Debug|Any CPU
		{60007627-0355-4BFE-8C53-5FD47FD375F8}.Debug|Any CPU.Build.0 = Debug|Any CPU
		{60007627-0355-4BFE-8C53-5FD47FD375F8}.Release|Any CPU.ActiveCfg = Release|Any CPU
		{60007627-0355-4BFE-8C53-5FD47FD375F8}.Release|Any CPU.Build.0 = Release|Any CPU
	EndGlobalSection
	GlobalSection(SolutionProperties) = preSolution
		HideSolutionNode = FALSE
	EndGlobalSection
	GlobalSection(ExtensibilityGlobals) = postSolution
		SolutionGuid = {74DDA981-11A6-4DDC-BED0-1269CD158EE5}
	EndGlobalSection
EndGlobal
